name: Sync lockfile

on:
  workflow_dispatch:   # so you trigger it manually

jobs:
  update-lock:
    runs-on: ubuntu-latest
    permissions:
      contents: write   # allow the job to push back

    steps:
      - uses: actions/checkout@v4
        with:
          ref: ${{ github.ref }}

      - uses: actions/setup-node@v4
        with:
          node-version: 20

      - run: npm install --no-audit --no-fund

      # commit & push only if package-lock.json changed
      - name: Commit updated lockfile
        run: |
          git config user.name  "github-actions[bot]"
          git config user.email "41898282+github-actions[bot]@users.noreply.github.com"
          if git diff --quiet package-lock.json; then
            echo "Nothing to commit"
          else
            git add package-lock.json
            git commit -m "chore: sync lockfile"
            git push
          fi
